
Microsoft Visual Studio Solution File, Format Version 12.00
# Visual Studio 15
VisualStudioVersion = 15.0.28307.271
MinimumVisualStudioVersion = 10.0.40219.1
Project("{8BC9CEB8-8B4A-11D0-8D11-00A0C91BC942}") = "HW_4_Sets", "HW_4_Sets\HW_4_Sets.vcxproj", "{540E1DBC-4F70-462E-836E-BB487AEADC48}"
EndProject
Project("{8BC9CEB8-8B4A-11D0-8D11-00A0C91BC942}") = "HW_4_Tests", "HW_4_Tests\HW_4_Tests.vcxproj", "{F31D146E-34E4-42FA-8708-61E46D1AB451}"
EndProject
Global
	GlobalSection(SolutionConfigurationPlatforms) = preSolution
		Debug|x64 = Debug|x64
		Debug|x86 = Debug|x86
		Release|x64 = Release|x64
		Release|x86 = Release|x86
	EndGlobalSection
	GlobalSection(ProjectConfigurationPlatforms) = postSolution
		{540E1DBC-4F70-462E-836E-BB487AEADC48}.Debug|x64.ActiveCfg = Debug|x64
		{540E1DBC-4F70-462E-836E-BB487AEADC48}.Debug|x64.Build.0 = Debug|x64
		{540E1DBC-4F70-462E-836E-BB487AEADC48}.Debug|x86.ActiveCfg = Debug|Win32
		{540E1DBC-4F70-462E-836E-BB487AEADC48}.Debug|x86.Build.0 = Debug|Win32
		{540E1DBC-4F70-462E-836E-BB487AEADC48}.Release|x64.ActiveCfg = Release|x64
		{540E1DBC-4F70-462E-836E-BB487AEADC48}.Release|x64.Build.0 = Release|x64
		{540E1DBC-4F70-462E-836E-BB487AEADC48}.Release|x86.ActiveCfg = Release|Win32
		{540E1DBC-4F70-462E-836E-BB487AEADC48}.Release|x86.Build.0 = Release|Win32
		{F31D146E-34E4-42FA-8708-61E46D1AB451}.Debug|x64.ActiveCfg = Debug|x64
		{F31D146E-34E4-42FA-8708-61E46D1AB451}.Debug|x64.Build.0 = Debug|x64
		{F31D146E-34E4-42FA-8708-61E46D1AB451}.Debug|x86.ActiveCfg = Debug|Win32
		{F31D146E-34E4-42FA-8708-61E46D1AB451}.Debug|x86.Build.0 = Debug|Win32
		{F31D146E-34E4-42FA-8708-61E46D1AB451}.Release|x64.ActiveCfg = Release|x64
		{F31D146E-34E4-42FA-8708-61E46D1AB451}.Release|x64.Build.0 = Release|x64
		{F31D146E-34E4-42FA-8708-61E46D1AB451}.Release|x86.ActiveCfg = Release|Win32
		{F31D146E-34E4-42FA-8708-61E46D1AB451}.Release|x86.Build.0 = Release|Win32
	EndGlobalSection
	GlobalSection(SolutionProperties) = preSolution
		HideSolutionNode = FALSE
	EndGlobalSection
	GlobalSection(ExtensibilityGlobals) = postSolution
		SolutionGuid = {2AF1256D-9625-4E41-8B14-97CD944F9BDD}
	EndGlobalSection
EndGlobal
